
Microsoft Visual Studio Solution File, Format Version 12.00
# Visual Studio Version 17
VisualStudioVersion = 17.4.33205.214
MinimumVisualStudioVersion = 10.0.40219.1
Project("{9A19103F-16F7-4668-BE54-9A1E7A4F7556}") = "LeetCode", "LeetCode\LeetCode.csproj", "{528D9B15-341A-4698-B938-A6EBA1C089A8}"
EndProject
Project("{FAE04EC0-301F-11D3-BF4B-00C04F79EFBC}") = "LeetCodeTests", "LeetCodeTests\LeetCodeTests.csproj", "{6E947924-62CC-4614-80FF-47E58844BC81}"
EndProject
Global
	GlobalSection(SolutionConfigurationPlatforms) = preSolution
		Debug|Any CPU = Debug|Any CPU
		Release|Any CPU = Release|Any CPU
	EndGlobalSection
	GlobalSection(ProjectConfigurationPlatforms) = postSolution
		{528D9B15-341A-4698-B938-A6EBA1C089A8}.Debug|Any CPU.ActiveCfg = Debug|Any CPU
		{528D9B15-341A-4698-B938-A6EBA1C089A8}.Debug|Any CPU.Build.0 = Debug|Any CPU
		{528D9B15-341A-4698-B938-A6EBA1C089A8}.Release|Any CPU.ActiveCfg = Release|Any CPU
		{528D9B15-341A-4698-B938-A6EBA1C089A8}.Release|Any CPU.Build.0 = Release|Any CPU
		{6E947924-62CC-4614-80FF-47E58844BC81}.Debug|Any CPU.ActiveCfg = Debug|Any CPU
		{6E947924-62CC-4614-80FF-47E58844BC81}.Debug|Any CPU.Build.0 = Debug|Any CPU
		{6E947924-62CC-4614-80FF-47E58844BC81}.Release|Any CPU.ActiveCfg = Release|Any CPU
		{6E947924-62CC-4614-80FF-47E58844BC81}.Release|Any CPU.Build.0 = Release|Any CPU
	EndGlobalSection
	GlobalSection(SolutionProperties) = preSolution
		HideSolutionNode = FALSE
	EndGlobalSection
	GlobalSection(ExtensibilityGlobals) = postSolution
		SolutionGuid = {CCDF8E5D-81B3-4EB4-8B32-7507FD98CEA4}
	EndGlobalSection
EndGlobal
